
Microsoft Visual Studio Solution File, Format Version 12.00
# Visual Studio Version 17
VisualStudioVersion = 17.6.33723.286
MinimumVisualStudioVersion = 10.0.40219.1
Project("{FAE04EC0-301F-11D3-BF4B-00C04F79EFBC}") = "TimeManager.Core", "TimeManager.Core\TimeManager.Core.csproj", "{A3FA7E7C-86E2-42D1-89B5-A9D3CABB7A9A}"
EndProject
Project("{FAE04EC0-301F-11D3-BF4B-00C04F79EFBC}") = "TimeManager.Repositories", "TimeManager.Repositories\TimeManager.Repositories.csproj", "{B1FF98FA-3B9E-4FAB-99D9-86828280D667}"
EndProject
Global
	GlobalSection(SolutionConfigurationPlatforms) = preSolution
		Debug|Any CPU = Debug|Any CPU
		Release|Any CPU = Release|Any CPU
	EndGlobalSection
	GlobalSection(ProjectConfigurationPlatforms) = postSolution
		{A3FA7E7C-86E2-42D1-89B5-A9D3CABB7A9A}.Debug|Any CPU.ActiveCfg = Debug|Any CPU
		{A3FA7E7C-86E2-42D1-89B5-A9D3CABB7A9A}.Debug|Any CPU.Build.0 = Debug|Any CPU
		{A3FA7E7C-86E2-42D1-89B5-A9D3CABB7A9A}.Release|Any CPU.ActiveCfg = Release|Any CPU
		{A3FA7E7C-86E2-42D1-89B5-A9D3CABB7A9A}.Release|Any CPU.Build.0 = Release|Any CPU
		{B1FF98FA-3B9E-4FAB-99D9-86828280D667}.Debug|Any CPU.ActiveCfg = Debug|Any CPU
		{B1FF98FA-3B9E-4FAB-99D9-86828280D667}.Debug|Any CPU.Build.0 = Debug|Any CPU
		{B1FF98FA-3B9E-4FAB-99D9-86828280D667}.Release|Any CPU.ActiveCfg = Release|Any CPU
		{B1FF98FA-3B9E-4FAB-99D9-86828280D667}.Release|Any CPU.Build.0 = Release|Any CPU
	EndGlobalSection
	GlobalSection(SolutionProperties) = preSolution
		HideSolutionNode = FALSE
	EndGlobalSection
	GlobalSection(ExtensibilityGlobals) = postSolution
		SolutionGuid = {4FE94B16-90C4-4B7C-BC92-D621141F91E1}
	EndGlobalSection
EndGlobal
